
Microsoft Visual Studio Solution File, Format Version 12.00
# Visual Studio 15
VisualStudioVersion = 15.0.27004.2005
MinimumVisualStudioVersion = 10.0.40219.1
Project("{8BC9CEB8-8B4A-11D0-8D11-00A0C91BC942}") = "BE_Starter", "BE_Starter\BE_Starter.vcxproj", "{04AE1E50-7D52-4F3D-B4F3-1729874C4FCB}"
EndProject
Project("{8BC9CEB8-8B4A-11D0-8D11-00A0C91BC942}") = "Inject_Game", "BE_Client\BE_Client.vcxproj", "{B761D49B-51F6-4333-B98D-38256DF86E5D}"
EndProject
Project("{8BC9CEB8-8B4A-11D0-8D11-00A0C91BC942}") = "BE_xBP", "BE_xBP\BE_xBP.vcxproj", "{D2129EF8-1B78-4C81-9D9A-C78ED99C9B05}"
EndProject
Project("{8BC9CEB8-8B4A-11D0-8D11-00A0C91BC942}") = "Inject_BE", "BE_xIN\BE_xIN.vcxproj", "{0BFA5BBF-BF05-48BF-8C65-F1A0B3A00A7B}"
EndProject
Project("{8BC9CEB8-8B4A-11D0-8D11-00A0C91BC942}") = "BEService2", "BEService\BEService.vcxproj", "{0A248E15-D448-4AF0-B1EA-CA8AAD3EC178}"
EndProject
Project("{8BC9CEB8-8B4A-11D0-8D11-00A0C91BC942}") = "BE_Proxy", "BE_Proxy\BE_Proxy.vcxproj", "{10CF9400-3D01-48E7-B618-B4B79C187BF8}"
EndProject
Project("{8BC9CEB8-8B4A-11D0-8D11-00A0C91BC942}") = "BE_Listener", "BE_Listener\BE_Listener.vcxproj", "{8007C474-6101-4C25-809F-8959ACCF37CE}"
EndProject
Project("{8BC9CEB8-8B4A-11D0-8D11-00A0C91BC942}") = "Inject_BEService", "Inject_BEService\Inject_BEService.vcxproj", "{4D5F6A2A-23FE-4F7B-9427-F8FDDE9AE039}"
EndProject
Project("{2150E333-8FDC-42A3-9474-1A3956D46DE8}") = "Bypass", "Bypass", "{5C025DB5-FA50-4468-A4C6-756E095318BF}"
EndProject
Project("{2150E333-8FDC-42A3-9474-1A3956D46DE8}") = "Capture", "Capture", "{8C2D3A3D-D4F2-4D3C-991D-A6F71D4EC5B7}"
EndProject
Global
	GlobalSection(SolutionConfigurationPlatforms) = preSolution
		Debug|x64 = Debug|x64
		Debug|x86 = Debug|x86
		Release|x64 = Release|x64
		Release|x86 = Release|x86
	EndGlobalSection
	GlobalSection(ProjectConfigurationPlatforms) = postSolution
		{04AE1E50-7D52-4F3D-B4F3-1729874C4FCB}.Debug|x64.ActiveCfg = Debug|x64
		{04AE1E50-7D52-4F3D-B4F3-1729874C4FCB}.Debug|x64.Build.0 = Debug|x64
		{04AE1E50-7D52-4F3D-B4F3-1729874C4FCB}.Debug|x86.ActiveCfg = Debug|Win32
		{04AE1E50-7D52-4F3D-B4F3-1729874C4FCB}.Debug|x86.Build.0 = Debug|Win32
		{04AE1E50-7D52-4F3D-B4F3-1729874C4FCB}.Release|x64.ActiveCfg = Release|x64
		{04AE1E50-7D52-4F3D-B4F3-1729874C4FCB}.Release|x64.Build.0 = Release|x64
		{04AE1E50-7D52-4F3D-B4F3-1729874C4FCB}.Release|x86.ActiveCfg = Release|Win32
		{04AE1E50-7D52-4F3D-B4F3-1729874C4FCB}.Release|x86.Build.0 = Release|Win32
		{B761D49B-51F6-4333-B98D-38256DF86E5D}.Debug|x64.ActiveCfg = Debug|x64
		{B761D49B-51F6-4333-B98D-38256DF86E5D}.Debug|x64.Build.0 = Debug|x64
		{B761D49B-51F6-4333-B98D-38256DF86E5D}.Debug|x86.ActiveCfg = Debug|Win32
		{B761D49B-51F6-4333-B98D-38256DF86E5D}.Debug|x86.Build.0 = Debug|Win32
		{B761D49B-51F6-4333-B98D-38256DF86E5D}.Release|x64.ActiveCfg = Release|x64
		{B761D49B-51F6-4333-B98D-38256DF86E5D}.Release|x64.Build.0 = Release|x64
		{B761D49B-51F6-4333-B98D-38256DF86E5D}.Release|x86.ActiveCfg = Release|Win32
		{B761D49B-51F6-4333-B98D-38256DF86E5D}.Release|x86.Build.0 = Release|Win32
		{D2129EF8-1B78-4C81-9D9A-C78ED99C9B05}.Debug|x64.ActiveCfg = Debug|x64
		{D2129EF8-1B78-4C81-9D9A-C78ED99C9B05}.Debug|x64.Build.0 = Debug|x64
		{D2129EF8-1B78-4C81-9D9A-C78ED99C9B05}.Debug|x86.ActiveCfg = Debug|Win32
		{D2129EF8-1B78-4C81-9D9A-C78ED99C9B05}.Debug|x86.Build.0 = Debug|Win32
		{D2129EF8-1B78-4C81-9D9A-C78ED99C9B05}.Release|x64.ActiveCfg = Release|x64
		{D2129EF8-1B78-4C81-9D9A-C78ED99C9B05}.Release|x64.Build.0 = Release|x64
		{D2129EF8-1B78-4C81-9D9A-C78ED99C9B05}.Release|x86.ActiveCfg = Release|Win32
		{D2129EF8-1B78-4C81-9D9A-C78ED99C9B05}.Release|x86.Build.0 = Release|Win32
		{0BFA5BBF-BF05-48BF-8C65-F1A0B3A00A7B}.Debug|x64.ActiveCfg = Debug|x64
		{0BFA5BBF-BF05-48BF-8C65-F1A0B3A00A7B}.Debug|x64.Build.0 = Debug|x64
		{0BFA5BBF-BF05-48BF-8C65-F1A0B3A00A7B}.Debug|x86.ActiveCfg = Debug|Win32
		{0BFA5BBF-BF05-48BF-8C65-F1A0B3A00A7B}.Debug|x86.Build.0 = Debug|Win32
		{0BFA5BBF-BF05-48BF-8C65-F1A0B3A00A7B}.Release|x64.ActiveCfg = Release|x64
		{0BFA5BBF-BF05-48BF-8C65-F1A0B3A00A7B}.Release|x64.Build.0 = Release|x64
		{0BFA5BBF-BF05-48BF-8C65-F1A0B3A00A7B}.Release|x86.ActiveCfg = Release|Win32
		{0BFA5BBF-BF05-48BF-8C65-F1A0B3A00A7B}.Release|x86.Build.0 = Release|Win32
		{0A248E15-D448-4AF0-B1EA-CA8AAD3EC178}.Debug|x64.ActiveCfg = Debug|x64
		{0A248E15-D448-4AF0-B1EA-CA8AAD3EC178}.Debug|x64.Build.0 = Debug|x64
		{0A248E15-D448-4AF0-B1EA-CA8AAD3EC178}.Debug|x86.ActiveCfg = Debug|Win32
		{0A248E15-D448-4AF0-B1EA-CA8AAD3EC178}.Debug|x86.Build.0 = Debug|Win32
		{0A248E15-D448-4AF0-B1EA-CA8AAD3EC178}.Release|x64.ActiveCfg = Release|x64
		{0A248E15-D448-4AF0-B1EA-CA8AAD3EC178}.Release|x64.Build.0 = Release|x64
		{0A248E15-D448-4AF0-B1EA-CA8AAD3EC178}.Release|x86.ActiveCfg = Release|Win32
		{0A248E15-D448-4AF0-B1EA-CA8AAD3EC178}.Release|x86.Build.0 = Release|Win32
		{10CF9400-3D01-48E7-B618-B4B79C187BF8}.Debug|x64.ActiveCfg = Debug|x64
		{10CF9400-3D01-48E7-B618-B4B79C187BF8}.Debug|x64.Build.0 = Debug|x64
		{10CF9400-3D01-48E7-B618-B4B79C187BF8}.Debug|x86.ActiveCfg = Debug|Win32
		{10CF9400-3D01-48E7-B618-B4B79C187BF8}.Debug|x86.Build.0 = Debug|Win32
		{10CF9400-3D01-48E7-B618-B4B79C187BF8}.Release|x64.ActiveCfg = Release|x64
		{10CF9400-3D01-48E7-B618-B4B79C187BF8}.Release|x64.Build.0 = Release|x64
		{10CF9400-3D01-48E7-B618-B4B79C187BF8}.Release|x86.ActiveCfg = Release|Win32
		{10CF9400-3D01-48E7-B618-B4B79C187BF8}.Release|x86.Build.0 = Release|Win32
		{8007C474-6101-4C25-809F-8959ACCF37CE}.Debug|x64.ActiveCfg = Debug|x64
		{8007C474-6101-4C25-809F-8959ACCF37CE}.Debug|x64.Build.0 = Debug|x64
		{8007C474-6101-4C25-809F-8959ACCF37CE}.Debug|x86.ActiveCfg = Debug|Win32
		{8007C474-6101-4C25-809F-8959ACCF37CE}.Debug|x86.Build.0 = Debug|Win32
		{8007C474-6101-4C25-809F-8959ACCF37CE}.Release|x64.ActiveCfg = Release|x64
		{8007C474-6101-4C25-809F-8959ACCF37CE}.Release|x64.Build.0 = Release|x64
		{8007C474-6101-4C25-809F-8959ACCF37CE}.Release|x86.ActiveCfg = Release|Win32
		{8007C474-6101-4C25-809F-8959ACCF37CE}.Release|x86.Build.0 = Release|Win32
		{4D5F6A2A-23FE-4F7B-9427-F8FDDE9AE039}.Debug|x64.ActiveCfg = Debug|x64
		{4D5F6A2A-23FE-4F7B-9427-F8FDDE9AE039}.Debug|x64.Build.0 = Debug|x64
		{4D5F6A2A-23FE-4F7B-9427-F8FDDE9AE039}.Debug|x86.ActiveCfg = Debug|Win32
		{4D5F6A2A-23FE-4F7B-9427-F8FDDE9AE039}.Debug|x86.Build.0 = Debug|Win32
		{4D5F6A2A-23FE-4F7B-9427-F8FDDE9AE039}.Release|x64.ActiveCfg = Release|x64
		{4D5F6A2A-23FE-4F7B-9427-F8FDDE9AE039}.Release|x64.Build.0 = Release|x64
		{4D5F6A2A-23FE-4F7B-9427-F8FDDE9AE039}.Release|x86.ActiveCfg = Release|Win32
		{4D5F6A2A-23FE-4F7B-9427-F8FDDE9AE039}.Release|x86.Build.0 = Release|Win32
	EndGlobalSection
	GlobalSection(SolutionProperties) = preSolution
		HideSolutionNode = FALSE
	EndGlobalSection
	GlobalSection(NestedProjects) = preSolution
		{04AE1E50-7D52-4F3D-B4F3-1729874C4FCB} = {5C025DB5-FA50-4468-A4C6-756E095318BF}
		{B761D49B-51F6-4333-B98D-38256DF86E5D} = {5C025DB5-FA50-4468-A4C6-756E095318BF}
		{D2129EF8-1B78-4C81-9D9A-C78ED99C9B05} = {5C025DB5-FA50-4468-A4C6-756E095318BF}
		{0BFA5BBF-BF05-48BF-8C65-F1A0B3A00A7B} = {5C025DB5-FA50-4468-A4C6-756E095318BF}
		{0A248E15-D448-4AF0-B1EA-CA8AAD3EC178} = {5C025DB5-FA50-4468-A4C6-756E095318BF}
		{10CF9400-3D01-48E7-B618-B4B79C187BF8} = {8C2D3A3D-D4F2-4D3C-991D-A6F71D4EC5B7}
		{8007C474-6101-4C25-809F-8959ACCF37CE} = {8C2D3A3D-D4F2-4D3C-991D-A6F71D4EC5B7}
		{4D5F6A2A-23FE-4F7B-9427-F8FDDE9AE039} = {5C025DB5-FA50-4468-A4C6-756E095318BF}
	EndGlobalSection
	GlobalSection(ExtensibilityGlobals) = postSolution
		SolutionGuid = {67B75966-53D7-4CA3-BAFD-CB0327FB6168}
	EndGlobalSection
EndGlobal
